{
  "originHash" : "0d4c7b5bcf367ed1e4350e05b0ef94d482eae83111039c5329e5795563f6b30c",
  "pins" : [
    {
      "identity" : "grdb.swift",
      "kind" : "remoteSourceControl",
      "location" : "https://github.com/groue/GRDB.swift.git",
      "state" : {
        "revision" : "47a7ddf08a619fff3e215df321fba9f4d77413e5",
        "version" : "7.0.0-beta"
      }
    }
  ],
  "version" : 3
}
