// !$*UTF8*$!
{
	archiveVersion = 1;
	classes = {
	};
	objectVersion = 55;
	objects = {

/* Begin PBXBuildFile section */
		56D63F2A2833A72800B0BD2D /* QueryTestsApp.swift in Sources */ = {isa = PBXBuildFile; fileRef = 56D63F292833A72800B0BD2D /* QueryTestsApp.swift */; };
		56D63F2C2833A72800B0BD2D /* ContentView.swift in Sources */ = {isa = PBXBuildFile; fileRef = 56D63F2B2833A72800B0BD2D /* ContentView.swift */; };
		56D63F2E2833A72900B0BD2D /* Assets.xcassets in Resources */ = {isa = PBXBuildFile; fileRef = 56D63F2D2833A72900B0BD2D /* Assets.xcassets */; };
		56D63F312833A72900B0BD2D /* Preview Assets.xcassets in Resources */ = {isa = PBXBuildFile; fileRef = 56D63F302833A72900B0BD2D /* Preview Assets.xcassets */; };
		56D63F462833A72900B0BD2D /* QueryTestsUITests.swift in Sources */ = {isa = PBXBuildFile; fileRef = 56D63F452833A72900B0BD2D /* QueryTestsUITests.swift */; };
		56D63F572833A98800B0BD2D /* GRDBQuery in Frameworks */ = {isa = PBXBuildFile; productRef = 56D63F562833A98800B0BD2D /* GRDBQuery */; };
		56D63F592833AA3200B0BD2D /* ValueView.swift in Sources */ = {isa = PBXBuildFile; fileRef = 56D63F582833AA3200B0BD2D /* ValueView.swift */; };
		56D63F5B2833B43E00B0BD2D /* Request.swift in Sources */ = {isa = PBXBuildFile; fileRef = 56D63F5A2833B43E00B0BD2D /* Request.swift */; };
/* End PBXBuildFile section */

/* Begin PBXContainerItemProxy section */
		56D63F422833A72900B0BD2D /* PBXContainerItemProxy */ = {
			isa = PBXContainerItemProxy;
			containerPortal = 56D63F1E2833A72800B0BD2D /* Project object */;
			proxyType = 1;
			remoteGlobalIDString = 56D63F252833A72800B0BD2D;
			remoteInfo = QueryTests;
		};
/* End PBXContainerItemProxy section */

/* Begin PBXFileReference section */
		56D63F262833A72800B0BD2D /* QueryTests.app */ = {isa = PBXFileReference; explicitFileType = wrapper.application; includeInIndex = 0; path = QueryTests.app; sourceTree = BUILT_PRODUCTS_DIR; };
		56D63F292833A72800B0BD2D /* QueryTestsApp.swift */ = {isa = PBXFileReference; lastKnownFileType = sourcecode.swift; path = QueryTestsApp.swift; sourceTree = "<group>"; };
		56D63F2B2833A72800B0BD2D /* ContentView.swift */ = {isa = PBXFileReference; lastKnownFileType = sourcecode.swift; path = ContentView.swift; sourceTree = "<group>"; };
		56D63F2D2833A72900B0BD2D /* Assets.xcassets */ = {isa = PBXFileReference; lastKnownFileType = folder.assetcatalog; path = Assets.xcassets; sourceTree = "<group>"; };
		56D63F302833A72900B0BD2D /* Preview Assets.xcassets */ = {isa = PBXFileReference; lastKnownFileType = folder.assetcatalog; path = "Preview Assets.xcassets"; sourceTree = "<group>"; };
		56D63F322833A72900B0BD2D /* QueryTests.entitlements */ = {isa = PBXFileReference; lastKnownFileType = text.plist.entitlements; path = QueryTests.entitlements; sourceTree = "<group>"; };
		56D63F412833A72900B0BD2D /* QueryTestsUITests.xctest */ = {isa = PBXFileReference; explicitFileType = wrapper.cfbundle; includeInIndex = 0; path = QueryTestsUITests.xctest; sourceTree = BUILT_PRODUCTS_DIR; };
		56D63F452833A72900B0BD2D /* QueryTestsUITests.swift */ = {isa = PBXFileReference; lastKnownFileType = sourcecode.swift; path = QueryTestsUITests.swift; sourceTree = "<group>"; };
		56D63F542833A96600B0BD2D /* GRDBQuery */ = {isa = PBXFileReference; lastKnownFileType = wrapper; name = GRDBQuery; path = ../..; sourceTree = "<group>"; };
		56D63F582833AA3200B0BD2D /* ValueView.swift */ = {isa = PBXFileReference; lastKnownFileType = sourcecode.swift; path = ValueView.swift; sourceTree = "<group>"; };
		56D63F5A2833B43E00B0BD2D /* Request.swift */ = {isa = PBXFileReference; lastKnownFileType = sourcecode.swift; path = Request.swift; sourceTree = "<group>"; };
/* End PBXFileReference section */

/* Begin PBXFrameworksBuildPhase section */
		56D63F232833A72800B0BD2D /* Frameworks */ = {
			isa = PBXFrameworksBuildPhase;
			buildActionMask = 2147483647;
			files = (
				56D63F572833A98800B0BD2D /* GRDBQuery in Frameworks */,
			);
			runOnlyForDeploymentPostprocessing = 0;
		};
		56D63F3E2833A72900B0BD2D /* Frameworks */ = {
			isa = PBXFrameworksBuildPhase;
			buildActionMask = 2147483647;
			files = (
			);
			runOnlyForDeploymentPostprocessing = 0;
		};
/* End PBXFrameworksBuildPhase section */

/* Begin PBXGroup section */
		56D63F1D2833A72800B0BD2D = {
			isa = PBXGroup;
			children = (
				56D63F542833A96600B0BD2D /* GRDBQuery */,
				56D63F282833A72800B0BD2D /* QueryTests */,
				56D63F442833A72900B0BD2D /* QueryTestsUITests */,
				56D63F272833A72800B0BD2D /* Products */,
				56D63F552833A98800B0BD2D /* Frameworks */,
			);
			sourceTree = "<group>";
		};
		56D63F272833A72800B0BD2D /* Products */ = {
			isa = PBXGroup;
			children = (
				56D63F262833A72800B0BD2D /* QueryTests.app */,
				56D63F412833A72900B0BD2D /* QueryTestsUITests.xctest */,
			);
			name = Products;
			sourceTree = "<group>";
		};
		56D63F282833A72800B0BD2D /* QueryTests */ = {
			isa = PBXGroup;
			children = (
				56D63F292833A72800B0BD2D /* QueryTestsApp.swift */,
				56D63F2B2833A72800B0BD2D /* ContentView.swift */,
				56D63F5A2833B43E00B0BD2D /* Request.swift */,
				56D63F582833AA3200B0BD2D /* ValueView.swift */,
				56D63F2D2833A72900B0BD2D /* Assets.xcassets */,
				56D63F322833A72900B0BD2D /* QueryTests.entitlements */,
				56D63F2F2833A72900B0BD2D /* Preview Content */,
			);
			path = QueryTests;
			sourceTree = "<group>";
		};
		56D63F2F2833A72900B0BD2D /* Preview Content */ = {
			isa = PBXGroup;
			children = (
				56D63F302833A72900B0BD2D /* Preview Assets.xcassets */,
			);
			path = "Preview Content";
			sourceTree = "<group>";
		};
		56D63F442833A72900B0BD2D /* QueryTestsUITests */ = {
			isa = PBXGroup;
			children = (
				56D63F452833A72900B0BD2D /* QueryTestsUITests.swift */,
			);
			path = QueryTestsUITests;
			sourceTree = "<group>";
		};
		56D63F552833A98800B0BD2D /* Frameworks */ = {
			isa = PBXGroup;
			children = (
			);
			name = Frameworks;
			sourceTree = "<group>";
		};
/* End PBXGroup section */

/* Begin PBXNativeTarget section */
		56D63F252833A72800B0BD2D /* QueryTests */ = {
			isa = PBXNativeTarget;
			buildConfigurationList = 56D63F4B2833A72900B0BD2D /* Build configuration list for PBXNativeTarget "QueryTests" */;
			buildPhases = (
				56D63F222833A72800B0BD2D /* Sources */,
				56D63F232833A72800B0BD2D /* Frameworks */,
				56D63F242833A72800B0BD2D /* Resources */,
			);
			buildRules = (
			);
			dependencies = (
			);
			name = QueryTests;
			packageProductDependencies = (
				56D63F562833A98800B0BD2D /* GRDBQuery */,
			);
			productName = QueryTests;
			productReference = 56D63F262833A72800B0BD2D /* QueryTests.app */;
			productType = "com.apple.product-type.application";
		};
		56D63F402833A72900B0BD2D /* QueryTestsUITests */ = {
			isa = PBXNativeTarget;
			buildConfigurationList = 56D63F512833A72900B0BD2D /* Build configuration list for PBXNativeTarget "QueryTestsUITests" */;
			buildPhases = (
				56D63F3D2833A72900B0BD2D /* Sources */,
				56D63F3E2833A72900B0BD2D /* Frameworks */,
				56D63F3F2833A72900B0BD2D /* Resources */,
			);
			buildRules = (
			);
			dependencies = (
				56D63F432833A72900B0BD2D /* PBXTargetDependency */,
			);
			name = QueryTestsUITests;
			productName = QueryTestsUITests;
			productReference = 56D63F412833A72900B0BD2D /* QueryTestsUITests.xctest */;
			productType = "com.apple.product-type.bundle.ui-testing";
		};
/* End PBXNativeTarget section */

/* Begin PBXProject section */
		56D63F1E2833A72800B0BD2D /* Project object */ = {
			isa = PBXProject;
			attributes = {
				BuildIndependentTargetsInParallel = 1;
				LastSwiftUpdateCheck = 1330;
				LastUpgradeCheck = 1600;
				TargetAttributes = {
					56D63F252833A72800B0BD2D = {
						CreatedOnToolsVersion = 13.3.1;
					};
					56D63F402833A72900B0BD2D = {
						CreatedOnToolsVersion = 13.3.1;
						TestTargetID = 56D63F252833A72800B0BD2D;
					};
				};
			};
			buildConfigurationList = 56D63F212833A72800B0BD2D /* Build configuration list for PBXProject "QueryTests" */;
			compatibilityVersion = "Xcode 13.0";
			developmentRegion = en;
			hasScannedForEncodings = 0;
			knownRegions = (
				en,
				Base,
			);
			mainGroup = 56D63F1D2833A72800B0BD2D;
			productRefGroup = 56D63F272833A72800B0BD2D /* Products */;
			projectDirPath = "";
			projectRoot = "";
			targets = (
				56D63F252833A72800B0BD2D /* QueryTests */,
				56D63F402833A72900B0BD2D /* QueryTestsUITests */,
			);
		};
/* End PBXProject section */

/* Begin PBXResourcesBuildPhase section */
		56D63F242833A72800B0BD2D /* Resources */ = {
			isa = PBXResourcesBuildPhase;
			buildActionMask = 2147483647;
			files = (
				56D63F312833A72900B0BD2D /* Preview Assets.xcassets in Resources */,
				56D63F2E2833A72900B0BD2D /* Assets.xcassets in Resources */,
			);
			runOnlyForDeploymentPostprocessing = 0;
		};
		56D63F3F2833A72900B0BD2D /* Resources */ = {
			isa = PBXResourcesBuildPhase;
			buildActionMask = 2147483647;
			files = (
			);
			runOnlyForDeploymentPostprocessing = 0;
		};
/* End PBXResourcesBuildPhase section */

/* Begin PBXSourcesBuildPhase section */
		56D63F222833A72800B0BD2D /* Sources */ = {
			isa = PBXSourcesBuildPhase;
			buildActionMask = 2147483647;
			files = (
				56D63F2C2833A72800B0BD2D /* ContentView.swift in Sources */,
				56D63F5B2833B43E00B0BD2D /* Request.swift in Sources */,
				56D63F592833AA3200B0BD2D /* ValueView.swift in Sources */,
				56D63F2A2833A72800B0BD2D /* QueryTestsApp.swift in Sources */,
			);
			runOnlyForDeploymentPostprocessing = 0;
		};
		56D63F3D2833A72900B0BD2D /* Sources */ = {
			isa = PBXSourcesBuildPhase;
			buildActionMask = 2147483647;
			files = (
				56D63F462833A72900B0BD2D /* QueryTestsUITests.swift in Sources */,
			);
			runOnlyForDeploymentPostprocessing = 0;
		};
/* End PBXSourcesBuildPhase section */

/* Begin PBXTargetDependency section */
		56D63F432833A72900B0BD2D /* PBXTargetDependency */ = {
			isa = PBXTargetDependency;
			target = 56D63F252833A72800B0BD2D /* QueryTests */;
			targetProxy = 56D63F422833A72900B0BD2D /* PBXContainerItemProxy */;
		};
/* End PBXTargetDependency section */

/* Begin XCBuildConfiguration section */
		56D63F492833A72900B0BD2D /* Debug */ = {
			isa = XCBuildConfiguration;
			buildSettings = {
				ALWAYS_SEARCH_USER_PATHS = NO;
				CLANG_ANALYZER_NONNULL = YES;
				CLANG_ANALYZER_NUMBER_OBJECT_CONVERSION = YES_AGGRESSIVE;
				CLANG_CXX_LANGUAGE_STANDARD = "gnu++17";
				CLANG_ENABLE_MODULES = YES;
				CLANG_ENABLE_OBJC_ARC = YES;
				CLANG_ENABLE_OBJC_WEAK = YES;
				CLANG_WARN_BLOCK_CAPTURE_AUTORELEASING = YES;
				CLANG_WARN_BOOL_CONVERSION = YES;
				CLANG_WARN_COMMA = YES;
				CLANG_WARN_CONSTANT_CONVERSION = YES;
				CLANG_WARN_DEPRECATED_OBJC_IMPLEMENTATIONS = YES;
				CLANG_WARN_DIRECT_OBJC_ISA_USAGE = YES_ERROR;
				CLANG_WARN_DOCUMENTATION_COMMENTS = YES;
				CLANG_WARN_EMPTY_BODY = YES;
				CLANG_WARN_ENUM_CONVERSION = YES;
				CLANG_WARN_INFINITE_RECURSION = YES;
				CLANG_WARN_INT_CONVERSION = YES;
				CLANG_WARN_NON_LITERAL_NULL_CONVERSION = YES;
				CLANG_WARN_OBJC_IMPLICIT_RETAIN_SELF = YES;
				CLANG_WARN_OBJC_LITERAL_CONVERSION = YES;
				CLANG_WARN_OBJC_ROOT_CLASS = YES_ERROR;
				CLANG_WARN_QUOTED_INCLUDE_IN_FRAMEWORK_HEADER = YES;
				CLANG_WARN_RANGE_LOOP_ANALYSIS = YES;
				CLANG_WARN_STRICT_PROTOTYPES = YES;
				CLANG_WARN_SUSPICIOUS_MOVE = YES;
				CLANG_WARN_UNGUARDED_AVAILABILITY = YES_AGGRESSIVE;
				CLANG_WARN_UNREACHABLE_CODE = YES;
				CLANG_WARN__DUPLICATE_METHOD_MATCH = YES;
				COPY_PHASE_STRIP = NO;
				DEAD_CODE_STRIPPING = YES;
				DEBUG_INFORMATION_FORMAT = dwarf;
				ENABLE_STRICT_OBJC_MSGSEND = YES;
				ENABLE_TESTABILITY = YES;
				ENABLE_USER_SCRIPT_SANDBOXING = YES;
				GCC_C_LANGUAGE_STANDARD = gnu11;
				GCC_DYNAMIC_NO_PIC = NO;
				GCC_NO_COMMON_BLOCKS = YES;
				GCC_OPTIMIZATION_LEVEL = 0;
				GCC_PREPROCESSOR_DEFINITIONS = (
					"DEBUG=1",
					"$(inherited)",
				);
				GCC_WARN_64_TO_32_BIT_CONVERSION = YES;
				GCC_WARN_ABOUT_RETURN_TYPE = YES_ERROR;
				GCC_WARN_UNDECLARED_SELECTOR = YES;
				GCC_WARN_UNINITIALIZED_AUTOS = YES_AGGRESSIVE;
				GCC_WARN_UNUSED_FUNCTION = YES;
				GCC_WARN_UNUSED_VARIABLE = YES;
				MACOSX_DEPLOYMENT_TARGET = 12.3;
				MTL_ENABLE_DEBUG_INFO = INCLUDE_SOURCE;
				MTL_FAST_MATH = YES;
				ONLY_ACTIVE_ARCH = YES;
				SDKROOT = macosx;
				SWIFT_ACTIVE_COMPILATION_CONDITIONS = DEBUG;
				SWIFT_OPTIMIZATION_LEVEL = "-Onone";
				SWIFT_STRICT_CONCURRENCY = complete;
			};
			name = Debug;
		};
		56D63F4A2833A72900B0BD2D /* Release */ = {
			isa = XCBuildConfiguration;
			buildSettings = {
				ALWAYS_SEARCH_USER_PATHS = NO;
				CLANG_ANALYZER_NONNULL = YES;
				CLANG_ANALYZER_NUMBER_OBJECT_CONVERSION = YES_AGGRESSIVE;
				CLANG_CXX_LANGUAGE_STANDARD = "gnu++17";
				CLANG_ENABLE_MODULES = YES;
				CLANG_ENABLE_OBJC_ARC = YES;
				CLANG_ENABLE_OBJC_WEAK = YES;
				CLANG_WARN_BLOCK_CAPTURE_AUTORELEASING = YES;
				CLANG_WARN_BOOL_CONVERSION = YES;
				CLANG_WARN_COMMA = YES;
				CLANG_WARN_CONSTANT_CONVERSION = YES;
				CLANG_WARN_DEPRECATED_OBJC_IMPLEMENTATIONS = YES;
				CLANG_WARN_DIRECT_OBJC_ISA_USAGE = YES_ERROR;
				CLANG_WARN_DOCUMENTATION_COMMENTS = YES;
				CLANG_WARN_EMPTY_BODY = YES;
				CLANG_WARN_ENUM_CONVERSION = YES;
				CLANG_WARN_INFINITE_RECURSION = YES;
				CLANG_WARN_INT_CONVERSION = YES;
				CLANG_WARN_NON_LITERAL_NULL_CONVERSION = YES;
				CLANG_WARN_OBJC_IMPLICIT_RETAIN_SELF = YES;
				CLANG_WARN_OBJC_LITERAL_CONVERSION = YES;
				CLANG_WARN_OBJC_ROOT_CLASS = YES_ERROR;
				CLANG_WARN_QUOTED_INCLUDE_IN_FRAMEWORK_HEADER = YES;
				CLANG_WARN_RANGE_LOOP_ANALYSIS = YES;
				CLANG_WARN_STRICT_PROTOTYPES = YES;
				CLANG_WARN_SUSPICIOUS_MOVE = YES;
				CLANG_WARN_UNGUARDED_AVAILABILITY = YES_AGGRESSIVE;
				CLANG_WARN_UNREACHABLE_CODE = YES;
				CLANG_WARN__DUPLICATE_METHOD_MATCH = YES;
				COPY_PHASE_STRIP = NO;
				DEAD_CODE_STRIPPING = YES;
				DEBUG_INFORMATION_FORMAT = "dwarf-with-dsym";
				ENABLE_NS_ASSERTIONS = NO;
				ENABLE_STRICT_OBJC_MSGSEND = YES;
				ENABLE_USER_SCRIPT_SANDBOXING = YES;
				GCC_C_LANGUAGE_STANDARD = gnu11;
				GCC_NO_COMMON_BLOCKS = YES;
				GCC_WARN_64_TO_32_BIT_CONVERSION = YES;
				GCC_WARN_ABOUT_RETURN_TYPE = YES_ERROR;
				GCC_WARN_UNDECLARED_SELECTOR = YES;
				GCC_WARN_UNINITIALIZED_AUTOS = YES_AGGRESSIVE;
				GCC_WARN_UNUSED_FUNCTION = YES;
				GCC_WARN_UNUSED_VARIABLE = YES;
				MACOSX_DEPLOYMENT_TARGET = 12.3;
				MTL_ENABLE_DEBUG_INFO = NO;
				MTL_FAST_MATH = YES;
				SDKROOT = macosx;
				SWIFT_COMPILATION_MODE = wholemodule;
				SWIFT_OPTIMIZATION_LEVEL = "-O";
				SWIFT_STRICT_CONCURRENCY = complete;
			};
			name = Release;
		};
		56D63F4C2833A72900B0BD2D /* Debug */ = {
			isa = XCBuildConfiguration;
			buildSettings = {
				ASSETCATALOG_COMPILER_APPICON_NAME = AppIcon;
				ASSETCATALOG_COMPILER_GLOBAL_ACCENT_COLOR_NAME = AccentColor;
				CODE_SIGN_ENTITLEMENTS = QueryTests/QueryTests.entitlements;
				CODE_SIGN_STYLE = Automatic;
				COMBINE_HIDPI_IMAGES = YES;
				CURRENT_PROJECT_VERSION = 1;
				DEAD_CODE_STRIPPING = YES;
				DEVELOPMENT_ASSET_PATHS = "\"QueryTests/Preview Content\"";
				ENABLE_PREVIEWS = YES;
				GENERATE_INFOPLIST_FILE = YES;
				INFOPLIST_KEY_NSHumanReadableCopyright = "";
				LD_RUNPATH_SEARCH_PATHS = (
					"$(inherited)",
					"@executable_path/../Frameworks",
				);
				MARKETING_VERSION = 1.0;
				PRODUCT_BUNDLE_IDENTIFIER = com.github.groue.QueryTests;
				PRODUCT_NAME = "$(TARGET_NAME)";
				SWIFT_EMIT_LOC_STRINGS = YES;
				SWIFT_VERSION = 6.0;
			};
			name = Debug;
		};
		56D63F4D2833A72900B0BD2D /* Release */ = {
			isa = XCBuildConfiguration;
			buildSettings = {
				ASSETCATALOG_COMPILER_APPICON_NAME = AppIcon;
				ASSETCATALOG_COMPILER_GLOBAL_ACCENT_COLOR_NAME = AccentColor;
				CODE_SIGN_ENTITLEMENTS = QueryTests/QueryTests.entitlements;
				CODE_SIGN_STYLE = Automatic;
				COMBINE_HIDPI_IMAGES = YES;
				CURRENT_PROJECT_VERSION = 1;
				DEAD_CODE_STRIPPING = YES;
				DEVELOPMENT_ASSET_PATHS = "\"QueryTests/Preview Content\"";
				ENABLE_PREVIEWS = YES;
				GENERATE_INFOPLIST_FILE = YES;
				INFOPLIST_KEY_NSHumanReadableCopyright = "";
				LD_RUNPATH_SEARCH_PATHS = (
					"$(inherited)",
					"@executable_path/../Frameworks",
				);
				MARKETING_VERSION = 1.0;
				PRODUCT_BUNDLE_IDENTIFIER = com.github.groue.QueryTests;
				PRODUCT_NAME = "$(TARGET_NAME)";
				SWIFT_EMIT_LOC_STRINGS = YES;
				SWIFT_VERSION = 6.0;
			};
			name = Release;
		};
		56D63F522833A72900B0BD2D /* Debug */ = {
			isa = XCBuildConfiguration;
			buildSettings = {
				CODE_SIGN_STYLE = Automatic;
				CURRENT_PROJECT_VERSION = 1;
				DEAD_CODE_STRIPPING = YES;
				GENERATE_INFOPLIST_FILE = YES;
				MARKETING_VERSION = 1.0;
				PRODUCT_BUNDLE_IDENTIFIER = com.github.groue.QueryTestsUITests;
				PRODUCT_NAME = "$(TARGET_NAME)";
				SWIFT_EMIT_LOC_STRINGS = NO;
				SWIFT_VERSION = 6.0;
				TEST_TARGET_NAME = QueryTests;
			};
			name = Debug;
		};
		56D63F532833A72900B0BD2D /* Release */ = {
			isa = XCBuildConfiguration;
			buildSettings = {
				CODE_SIGN_STYLE = Automatic;
				CURRENT_PROJECT_VERSION = 1;
				DEAD_CODE_STRIPPING = YES;
				GENERATE_INFOPLIST_FILE = YES;
				MARKETING_VERSION = 1.0;
				PRODUCT_BUNDLE_IDENTIFIER = com.github.groue.QueryTestsUITests;
				PRODUCT_NAME = "$(TARGET_NAME)";
				SWIFT_EMIT_LOC_STRINGS = NO;
				SWIFT_VERSION = 6.0;
				TEST_TARGET_NAME = QueryTests;
			};
			name = Release;
		};
/* End XCBuildConfiguration section */

/* Begin XCConfigurationList section */
		56D63F212833A72800B0BD2D /* Build configuration list for PBXProject "QueryTests" */ = {
			isa = XCConfigurationList;
			buildConfigurations = (
				56D63F492833A72900B0BD2D /* Debug */,
				56D63F4A2833A72900B0BD2D /* Release */,
			);
			defaultConfigurationIsVisible = 0;
			defaultConfigurationName = Release;
		};
		56D63F4B2833A72900B0BD2D /* Build configuration list for PBXNativeTarget "QueryTests" */ = {
			isa = XCConfigurationList;
			buildConfigurations = (
				56D63F4C2833A72900B0BD2D /* Debug */,
				56D63F4D2833A72900B0BD2D /* Release */,
			);
			defaultConfigurationIsVisible = 0;
			defaultConfigurationName = Release;
		};
		56D63F512833A72900B0BD2D /* Build configuration list for PBXNativeTarget "QueryTestsUITests" */ = {
			isa = XCConfigurationList;
			buildConfigurations = (
				56D63F522833A72900B0BD2D /* Debug */,
				56D63F532833A72900B0BD2D /* Release */,
			);
			defaultConfigurationIsVisible = 0;
			defaultConfigurationName = Release;
		};
/* End XCConfigurationList section */

/* Begin XCSwiftPackageProductDependency section */
		56D63F562833A98800B0BD2D /* GRDBQuery */ = {
			isa = XCSwiftPackageProductDependency;
			productName = GRDBQuery;
		};
/* End XCSwiftPackageProductDependency section */
	};
	rootObject = 56D63F1E2833A72800B0BD2D /* Project object */;
}
