{
  "pins" : [
    {
      "identity" : "grdb.swift",
      "kind" : "remoteSourceControl",
      "location" : "https://github.com/groue/GRDB.swift.git",
      "state" : {
        "revision" : "2d19cab2b525f885ee8d7efec96093431f6b5f20",
        "version" : "6.10.0"
      }
    }
  ],
  "version" : 2
}
