// !$*UTF8*$!
{
	archiveVersion = 1;
	classes = {
	};
	objectVersion = 56;
	objects = {

/* Begin PBXBuildFile section */
		564B80502A7E84360002DF51 /* ObservableDemoApp.swift in Sources */ = {isa = PBXBuildFile; fileRef = 564B804F2A7E84360002DF51 /* ObservableDemoApp.swift */; };
		564B80542A7E84380002DF51 /* Assets.xcassets in Resources */ = {isa = PBXBuildFile; fileRef = 564B80532A7E84380002DF51 /* Assets.xcassets */; };
		564B80572A7E84380002DF51 /* Preview Assets.xcassets in Resources */ = {isa = PBXBuildFile; fileRef = 564B80562A7E84380002DF51 /* Preview Assets.xcassets */; };
		564B80612A7E84380002DF51 /* ObservableDemoTests.swift in Sources */ = {isa = PBXBuildFile; fileRef = 564B80602A7E84380002DF51 /* ObservableDemoTests.swift */; };
		564B806B2A7E84380002DF51 /* ObservableDemoUITests.swift in Sources */ = {isa = PBXBuildFile; fileRef = 564B806A2A7E84380002DF51 /* ObservableDemoUITests.swift */; };
		564B806D2A7E84380002DF51 /* ObservableDemoUITestsLaunchTests.swift in Sources */ = {isa = PBXBuildFile; fileRef = 564B806C2A7E84380002DF51 /* ObservableDemoUITestsLaunchTests.swift */; };
		564B807B2A7E84780002DF51 /* GRDB in Frameworks */ = {isa = PBXBuildFile; productRef = 564B807A2A7E84780002DF51 /* GRDB */; };
		564B80812A7E84F80002DF51 /* GRDBQuery in Frameworks */ = {isa = PBXBuildFile; productRef = 564B80802A7E84F80002DF51 /* GRDBQuery */; };
		564B80832A7E84F80002DF51 /* Players in Frameworks */ = {isa = PBXBuildFile; productRef = 564B80822A7E84F80002DF51 /* Players */; };
		564B80872A7E85460002DF51 /* PlayerRepository+App.swift in Sources */ = {isa = PBXBuildFile; fileRef = 564B80842A7E85460002DF51 /* PlayerRepository+App.swift */; };
		564B80882A7E85460002DF51 /* PlayerRepository+SwiftUI.swift in Sources */ = {isa = PBXBuildFile; fileRef = 564B80852A7E85460002DF51 /* PlayerRepository+SwiftUI.swift */; };
		564B80892A7E85460002DF51 /* Player+App.swift in Sources */ = {isa = PBXBuildFile; fileRef = 564B80862A7E85460002DF51 /* Player+App.swift */; };
		564B80982A7E85670002DF51 /* InformationStyle.swift in Sources */ = {isa = PBXBuildFile; fileRef = 564B808B2A7E85670002DF51 /* InformationStyle.swift */; };
		564B80992A7E85670002DF51 /* PlayerFormView.swift in Sources */ = {isa = PBXBuildFile; fileRef = 564B808D2A7E85670002DF51 /* PlayerFormView.swift */; };
		564B809A2A7E85670002DF51 /* PlayerFormViewModel.swift in Sources */ = {isa = PBXBuildFile; fileRef = 564B808E2A7E85670002DF51 /* PlayerFormViewModel.swift */; };
		564B809B2A7E85670002DF51 /* PlayerNotFoundView.swift in Sources */ = {isa = PBXBuildFile; fileRef = 564B808F2A7E85670002DF51 /* PlayerNotFoundView.swift */; };
		564B809C2A7E85670002DF51 /* PlayerView.swift in Sources */ = {isa = PBXBuildFile; fileRef = 564B80902A7E85670002DF51 /* PlayerView.swift */; };
		564B809D2A7E85670002DF51 /* PlayerEditionView.swift in Sources */ = {isa = PBXBuildFile; fileRef = 564B80922A7E85670002DF51 /* PlayerEditionView.swift */; };
		564B809E2A7E85670002DF51 /* PlayerEditionViewModel.swift in Sources */ = {isa = PBXBuildFile; fileRef = 564B80932A7E85670002DF51 /* PlayerEditionViewModel.swift */; };
		564B809F2A7E85670002DF51 /* AppView.swift in Sources */ = {isa = PBXBuildFile; fileRef = 564B80952A7E85670002DF51 /* AppView.swift */; };
		564B80A02A7E85670002DF51 /* AppViewModel.swift in Sources */ = {isa = PBXBuildFile; fileRef = 564B80962A7E85670002DF51 /* AppViewModel.swift */; };
		564B80A12A7E85670002DF51 /* DatabaseButtons.swift in Sources */ = {isa = PBXBuildFile; fileRef = 564B80972A7E85670002DF51 /* DatabaseButtons.swift */; };
/* End PBXBuildFile section */

/* Begin PBXContainerItemProxy section */
		564B805D2A7E84380002DF51 /* PBXContainerItemProxy */ = {
			isa = PBXContainerItemProxy;
			containerPortal = 564B80442A7E84360002DF51 /* Project object */;
			proxyType = 1;
			remoteGlobalIDString = 564B804B2A7E84360002DF51;
			remoteInfo = ObservableDemo;
		};
		564B80672A7E84380002DF51 /* PBXContainerItemProxy */ = {
			isa = PBXContainerItemProxy;
			containerPortal = 564B80442A7E84360002DF51 /* Project object */;
			proxyType = 1;
			remoteGlobalIDString = 564B804B2A7E84360002DF51;
			remoteInfo = ObservableDemo;
		};
/* End PBXContainerItemProxy section */

/* Begin PBXFileReference section */
		564B804C2A7E84360002DF51 /* ObservableDemo.app */ = {isa = PBXFileReference; explicitFileType = wrapper.application; includeInIndex = 0; path = ObservableDemo.app; sourceTree = BUILT_PRODUCTS_DIR; };
		564B804F2A7E84360002DF51 /* ObservableDemoApp.swift */ = {isa = PBXFileReference; lastKnownFileType = sourcecode.swift; path = ObservableDemoApp.swift; sourceTree = "<group>"; };
		564B80532A7E84380002DF51 /* Assets.xcassets */ = {isa = PBXFileReference; lastKnownFileType = folder.assetcatalog; path = Assets.xcassets; sourceTree = "<group>"; };
		564B80562A7E84380002DF51 /* Preview Assets.xcassets */ = {isa = PBXFileReference; lastKnownFileType = folder.assetcatalog; path = "Preview Assets.xcassets"; sourceTree = "<group>"; };
		564B805C2A7E84380002DF51 /* ObservableDemoTests.xctest */ = {isa = PBXFileReference; explicitFileType = wrapper.cfbundle; includeInIndex = 0; path = ObservableDemoTests.xctest; sourceTree = BUILT_PRODUCTS_DIR; };
		564B80602A7E84380002DF51 /* ObservableDemoTests.swift */ = {isa = PBXFileReference; lastKnownFileType = sourcecode.swift; path = ObservableDemoTests.swift; sourceTree = "<group>"; };
		564B80662A7E84380002DF51 /* ObservableDemoUITests.xctest */ = {isa = PBXFileReference; explicitFileType = wrapper.cfbundle; includeInIndex = 0; path = ObservableDemoUITests.xctest; sourceTree = BUILT_PRODUCTS_DIR; };
		564B806A2A7E84380002DF51 /* ObservableDemoUITests.swift */ = {isa = PBXFileReference; lastKnownFileType = sourcecode.swift; path = ObservableDemoUITests.swift; sourceTree = "<group>"; };
		564B806C2A7E84380002DF51 /* ObservableDemoUITestsLaunchTests.swift */ = {isa = PBXFileReference; lastKnownFileType = sourcecode.swift; path = ObservableDemoUITestsLaunchTests.swift; sourceTree = "<group>"; };
		564B807D2A7E84AA0002DF51 /* GRDBQuery */ = {isa = PBXFileReference; lastKnownFileType = wrapper; name = GRDBQuery; path = ../../..; sourceTree = "<group>"; };
		564B807E2A7E84B20002DF51 /* Players */ = {isa = PBXFileReference; lastKnownFileType = wrapper; name = Players; path = ../../Players; sourceTree = "<group>"; };
		564B80842A7E85460002DF51 /* PlayerRepository+App.swift */ = {isa = PBXFileReference; fileEncoding = 4; lastKnownFileType = sourcecode.swift; path = "PlayerRepository+App.swift"; sourceTree = "<group>"; };
		564B80852A7E85460002DF51 /* PlayerRepository+SwiftUI.swift */ = {isa = PBXFileReference; fileEncoding = 4; lastKnownFileType = sourcecode.swift; path = "PlayerRepository+SwiftUI.swift"; sourceTree = "<group>"; };
		564B80862A7E85460002DF51 /* Player+App.swift */ = {isa = PBXFileReference; fileEncoding = 4; lastKnownFileType = sourcecode.swift; path = "Player+App.swift"; sourceTree = "<group>"; };
		564B808B2A7E85670002DF51 /* InformationStyle.swift */ = {isa = PBXFileReference; fileEncoding = 4; lastKnownFileType = sourcecode.swift; path = InformationStyle.swift; sourceTree = "<group>"; };
		564B808D2A7E85670002DF51 /* PlayerFormView.swift */ = {isa = PBXFileReference; fileEncoding = 4; lastKnownFileType = sourcecode.swift; path = PlayerFormView.swift; sourceTree = "<group>"; };
		564B808E2A7E85670002DF51 /* PlayerFormViewModel.swift */ = {isa = PBXFileReference; fileEncoding = 4; lastKnownFileType = sourcecode.swift; path = PlayerFormViewModel.swift; sourceTree = "<group>"; };
		564B808F2A7E85670002DF51 /* PlayerNotFoundView.swift */ = {isa = PBXFileReference; fileEncoding = 4; lastKnownFileType = sourcecode.swift; path = PlayerNotFoundView.swift; sourceTree = "<group>"; };
		564B80902A7E85670002DF51 /* PlayerView.swift */ = {isa = PBXFileReference; fileEncoding = 4; lastKnownFileType = sourcecode.swift; path = PlayerView.swift; sourceTree = "<group>"; };
		564B80922A7E85670002DF51 /* PlayerEditionView.swift */ = {isa = PBXFileReference; fileEncoding = 4; lastKnownFileType = sourcecode.swift; path = PlayerEditionView.swift; sourceTree = "<group>"; };
		564B80932A7E85670002DF51 /* PlayerEditionViewModel.swift */ = {isa = PBXFileReference; fileEncoding = 4; lastKnownFileType = sourcecode.swift; path = PlayerEditionViewModel.swift; sourceTree = "<group>"; };
		564B80952A7E85670002DF51 /* AppView.swift */ = {isa = PBXFileReference; fileEncoding = 4; lastKnownFileType = sourcecode.swift; path = AppView.swift; sourceTree = "<group>"; };
		564B80962A7E85670002DF51 /* AppViewModel.swift */ = {isa = PBXFileReference; fileEncoding = 4; lastKnownFileType = sourcecode.swift; path = AppViewModel.swift; sourceTree = "<group>"; };
		564B80972A7E85670002DF51 /* DatabaseButtons.swift */ = {isa = PBXFileReference; fileEncoding = 4; lastKnownFileType = sourcecode.swift; path = DatabaseButtons.swift; sourceTree = "<group>"; };
/* End PBXFileReference section */

/* Begin PBXFrameworksBuildPhase section */
		564B80492A7E84360002DF51 /* Frameworks */ = {
			isa = PBXFrameworksBuildPhase;
			buildActionMask = 2147483647;
			files = (
				564B80832A7E84F80002DF51 /* Players in Frameworks */,
				564B80812A7E84F80002DF51 /* GRDBQuery in Frameworks */,
				564B807B2A7E84780002DF51 /* GRDB in Frameworks */,
			);
			runOnlyForDeploymentPostprocessing = 0;
		};
		564B80592A7E84380002DF51 /* Frameworks */ = {
			isa = PBXFrameworksBuildPhase;
			buildActionMask = 2147483647;
			files = (
			);
			runOnlyForDeploymentPostprocessing = 0;
		};
		564B80632A7E84380002DF51 /* Frameworks */ = {
			isa = PBXFrameworksBuildPhase;
			buildActionMask = 2147483647;
			files = (
			);
			runOnlyForDeploymentPostprocessing = 0;
		};
/* End PBXFrameworksBuildPhase section */

/* Begin PBXGroup section */
		564B80432A7E84360002DF51 = {
			isa = PBXGroup;
			children = (
				564B804E2A7E84360002DF51 /* ObservableDemo */,
				564B805F2A7E84380002DF51 /* ObservableDemoTests */,
				564B80692A7E84380002DF51 /* ObservableDemoUITests */,
				564B804D2A7E84360002DF51 /* Products */,
				564B807C2A7E849D0002DF51 /* Packages */,
				564B807F2A7E84F80002DF51 /* Frameworks */,
			);
			sourceTree = "<group>";
		};
		564B804D2A7E84360002DF51 /* Products */ = {
			isa = PBXGroup;
			children = (
				564B804C2A7E84360002DF51 /* ObservableDemo.app */,
				564B805C2A7E84380002DF51 /* ObservableDemoTests.xctest */,
				564B80662A7E84380002DF51 /* ObservableDemoUITests.xctest */,
			);
			name = Products;
			sourceTree = "<group>";
		};
		564B804E2A7E84360002DF51 /* ObservableDemo */ = {
			isa = PBXGroup;
			children = (
				564B804F2A7E84360002DF51 /* ObservableDemoApp.swift */,
				564B80862A7E85460002DF51 /* Player+App.swift */,
				564B80842A7E85460002DF51 /* PlayerRepository+App.swift */,
				564B80852A7E85460002DF51 /* PlayerRepository+SwiftUI.swift */,
				564B808A2A7E85670002DF51 /* Views */,
				564B80532A7E84380002DF51 /* Assets.xcassets */,
				564B80552A7E84380002DF51 /* Preview Content */,
			);
			path = ObservableDemo;
			sourceTree = "<group>";
		};
		564B80552A7E84380002DF51 /* Preview Content */ = {
			isa = PBXGroup;
			children = (
				564B80562A7E84380002DF51 /* Preview Assets.xcassets */,
			);
			path = "Preview Content";
			sourceTree = "<group>";
		};
		564B805F2A7E84380002DF51 /* ObservableDemoTests */ = {
			isa = PBXGroup;
			children = (
				564B80602A7E84380002DF51 /* ObservableDemoTests.swift */,
			);
			path = ObservableDemoTests;
			sourceTree = "<group>";
		};
		564B80692A7E84380002DF51 /* ObservableDemoUITests */ = {
			isa = PBXGroup;
			children = (
				564B806A2A7E84380002DF51 /* ObservableDemoUITests.swift */,
				564B806C2A7E84380002DF51 /* ObservableDemoUITestsLaunchTests.swift */,
			);
			path = ObservableDemoUITests;
			sourceTree = "<group>";
		};
		564B807C2A7E849D0002DF51 /* Packages */ = {
			isa = PBXGroup;
			children = (
				564B807D2A7E84AA0002DF51 /* GRDBQuery */,
				564B807E2A7E84B20002DF51 /* Players */,
			);
			name = Packages;
			path = ObservableDemo;
			sourceTree = "<group>";
		};
		564B807F2A7E84F80002DF51 /* Frameworks */ = {
			isa = PBXGroup;
			children = (
			);
			name = Frameworks;
			sourceTree = "<group>";
		};
		564B808A2A7E85670002DF51 /* Views */ = {
			isa = PBXGroup;
			children = (
				564B80942A7E85670002DF51 /* AppView */,
				564B80972A7E85670002DF51 /* DatabaseButtons.swift */,
				564B808B2A7E85670002DF51 /* InformationStyle.swift */,
				564B80912A7E85670002DF51 /* PlayerEditionView */,
				564B808C2A7E85670002DF51 /* PlayerFormView */,
				564B808F2A7E85670002DF51 /* PlayerNotFoundView.swift */,
				564B80902A7E85670002DF51 /* PlayerView.swift */,
			);
			path = Views;
			sourceTree = "<group>";
		};
		564B808C2A7E85670002DF51 /* PlayerFormView */ = {
			isa = PBXGroup;
			children = (
				564B808D2A7E85670002DF51 /* PlayerFormView.swift */,
				564B808E2A7E85670002DF51 /* PlayerFormViewModel.swift */,
			);
			path = PlayerFormView;
			sourceTree = "<group>";
		};
		564B80912A7E85670002DF51 /* PlayerEditionView */ = {
			isa = PBXGroup;
			children = (
				564B80922A7E85670002DF51 /* PlayerEditionView.swift */,
				564B80932A7E85670002DF51 /* PlayerEditionViewModel.swift */,
			);
			path = PlayerEditionView;
			sourceTree = "<group>";
		};
		564B80942A7E85670002DF51 /* AppView */ = {
			isa = PBXGroup;
			children = (
				564B80952A7E85670002DF51 /* AppView.swift */,
				564B80962A7E85670002DF51 /* AppViewModel.swift */,
			);
			path = AppView;
			sourceTree = "<group>";
		};
/* End PBXGroup section */

/* Begin PBXNativeTarget section */
		564B804B2A7E84360002DF51 /* ObservableDemo */ = {
			isa = PBXNativeTarget;
			buildConfigurationList = 564B80702A7E84380002DF51 /* Build configuration list for PBXNativeTarget "ObservableDemo" */;
			buildPhases = (
				564B80482A7E84360002DF51 /* Sources */,
				564B80492A7E84360002DF51 /* Frameworks */,
				564B804A2A7E84360002DF51 /* Resources */,
			);
			buildRules = (
			);
			dependencies = (
			);
			name = ObservableDemo;
			packageProductDependencies = (
				564B807A2A7E84780002DF51 /* GRDB */,
				564B80802A7E84F80002DF51 /* GRDBQuery */,
				564B80822A7E84F80002DF51 /* Players */,
			);
			productName = ObservableDemo;
			productReference = 564B804C2A7E84360002DF51 /* ObservableDemo.app */;
			productType = "com.apple.product-type.application";
		};
		564B805B2A7E84380002DF51 /* ObservableDemoTests */ = {
			isa = PBXNativeTarget;
			buildConfigurationList = 564B80732A7E84380002DF51 /* Build configuration list for PBXNativeTarget "ObservableDemoTests" */;
			buildPhases = (
				564B80582A7E84380002DF51 /* Sources */,
				564B80592A7E84380002DF51 /* Frameworks */,
				564B805A2A7E84380002DF51 /* Resources */,
			);
			buildRules = (
			);
			dependencies = (
				564B805E2A7E84380002DF51 /* PBXTargetDependency */,
			);
			name = ObservableDemoTests;
			productName = ObservableDemoTests;
			productReference = 564B805C2A7E84380002DF51 /* ObservableDemoTests.xctest */;
			productType = "com.apple.product-type.bundle.unit-test";
		};
		564B80652A7E84380002DF51 /* ObservableDemoUITests */ = {
			isa = PBXNativeTarget;
			buildConfigurationList = 564B80762A7E84380002DF51 /* Build configuration list for PBXNativeTarget "ObservableDemoUITests" */;
			buildPhases = (
				564B80622A7E84380002DF51 /* Sources */,
				564B80632A7E84380002DF51 /* Frameworks */,
				564B80642A7E84380002DF51 /* Resources */,
			);
			buildRules = (
			);
			dependencies = (
				564B80682A7E84380002DF51 /* PBXTargetDependency */,
			);
			name = ObservableDemoUITests;
			productName = ObservableDemoUITests;
			productReference = 564B80662A7E84380002DF51 /* ObservableDemoUITests.xctest */;
			productType = "com.apple.product-type.bundle.ui-testing";
		};
/* End PBXNativeTarget section */

/* Begin PBXProject section */
		564B80442A7E84360002DF51 /* Project object */ = {
			isa = PBXProject;
			attributes = {
				BuildIndependentTargetsInParallel = 1;
				LastSwiftUpdateCheck = 1500;
				LastUpgradeCheck = 1500;
				TargetAttributes = {
					564B804B2A7E84360002DF51 = {
						CreatedOnToolsVersion = 15.0;
					};
					564B805B2A7E84380002DF51 = {
						CreatedOnToolsVersion = 15.0;
						TestTargetID = 564B804B2A7E84360002DF51;
					};
					564B80652A7E84380002DF51 = {
						CreatedOnToolsVersion = 15.0;
						TestTargetID = 564B804B2A7E84360002DF51;
					};
				};
			};
			buildConfigurationList = 564B80472A7E84360002DF51 /* Build configuration list for PBXProject "ObservableDemo" */;
			compatibilityVersion = "Xcode 14.0";
			developmentRegion = en;
			hasScannedForEncodings = 0;
			knownRegions = (
				en,
				Base,
			);
			mainGroup = 564B80432A7E84360002DF51;
			packageReferences = (
				564B80792A7E84780002DF51 /* XCRemoteSwiftPackageReference "GRDB.swift" */,
			);
			productRefGroup = 564B804D2A7E84360002DF51 /* Products */;
			projectDirPath = "";
			projectRoot = "";
			targets = (
				564B804B2A7E84360002DF51 /* ObservableDemo */,
				564B805B2A7E84380002DF51 /* ObservableDemoTests */,
				564B80652A7E84380002DF51 /* ObservableDemoUITests */,
			);
		};
/* End PBXProject section */

/* Begin PBXResourcesBuildPhase section */
		564B804A2A7E84360002DF51 /* Resources */ = {
			isa = PBXResourcesBuildPhase;
			buildActionMask = 2147483647;
			files = (
				564B80572A7E84380002DF51 /* Preview Assets.xcassets in Resources */,
				564B80542A7E84380002DF51 /* Assets.xcassets in Resources */,
			);
			runOnlyForDeploymentPostprocessing = 0;
		};
		564B805A2A7E84380002DF51 /* Resources */ = {
			isa = PBXResourcesBuildPhase;
			buildActionMask = 2147483647;
			files = (
			);
			runOnlyForDeploymentPostprocessing = 0;
		};
		564B80642A7E84380002DF51 /* Resources */ = {
			isa = PBXResourcesBuildPhase;
			buildActionMask = 2147483647;
			files = (
			);
			runOnlyForDeploymentPostprocessing = 0;
		};
/* End PBXResourcesBuildPhase section */

/* Begin PBXSourcesBuildPhase section */
		564B80482A7E84360002DF51 /* Sources */ = {
			isa = PBXSourcesBuildPhase;
			buildActionMask = 2147483647;
			files = (
				564B809C2A7E85670002DF51 /* PlayerView.swift in Sources */,
				564B809B2A7E85670002DF51 /* PlayerNotFoundView.swift in Sources */,
				564B809A2A7E85670002DF51 /* PlayerFormViewModel.swift in Sources */,
				564B80A02A7E85670002DF51 /* AppViewModel.swift in Sources */,
				564B80882A7E85460002DF51 /* PlayerRepository+SwiftUI.swift in Sources */,
				564B80982A7E85670002DF51 /* InformationStyle.swift in Sources */,
				564B80502A7E84360002DF51 /* ObservableDemoApp.swift in Sources */,
				564B809D2A7E85670002DF51 /* PlayerEditionView.swift in Sources */,
				564B80A12A7E85670002DF51 /* DatabaseButtons.swift in Sources */,
				564B80892A7E85460002DF51 /* Player+App.swift in Sources */,
				564B809F2A7E85670002DF51 /* AppView.swift in Sources */,
				564B80872A7E85460002DF51 /* PlayerRepository+App.swift in Sources */,
				564B80992A7E85670002DF51 /* PlayerFormView.swift in Sources */,
				564B809E2A7E85670002DF51 /* PlayerEditionViewModel.swift in Sources */,
			);
			runOnlyForDeploymentPostprocessing = 0;
		};
		564B80582A7E84380002DF51 /* Sources */ = {
			isa = PBXSourcesBuildPhase;
			buildActionMask = 2147483647;
			files = (
				564B80612A7E84380002DF51 /* ObservableDemoTests.swift in Sources */,
			);
			runOnlyForDeploymentPostprocessing = 0;
		};
		564B80622A7E84380002DF51 /* Sources */ = {
			isa = PBXSourcesBuildPhase;
			buildActionMask = 2147483647;
			files = (
				564B806D2A7E84380002DF51 /* ObservableDemoUITestsLaunchTests.swift in Sources */,
				564B806B2A7E84380002DF51 /* ObservableDemoUITests.swift in Sources */,
			);
			runOnlyForDeploymentPostprocessing = 0;
		};
/* End PBXSourcesBuildPhase section */

/* Begin PBXTargetDependency section */
		564B805E2A7E84380002DF51 /* PBXTargetDependency */ = {
			isa = PBXTargetDependency;
			target = 564B804B2A7E84360002DF51 /* ObservableDemo */;
			targetProxy = 564B805D2A7E84380002DF51 /* PBXContainerItemProxy */;
		};
		564B80682A7E84380002DF51 /* PBXTargetDependency */ = {
			isa = PBXTargetDependency;
			target = 564B804B2A7E84360002DF51 /* ObservableDemo */;
			targetProxy = 564B80672A7E84380002DF51 /* PBXContainerItemProxy */;
		};
/* End PBXTargetDependency section */

/* Begin XCBuildConfiguration section */
		564B806E2A7E84380002DF51 /* Debug */ = {
			isa = XCBuildConfiguration;
			buildSettings = {
				ALWAYS_SEARCH_USER_PATHS = NO;
				ASSETCATALOG_COMPILER_GENERATE_SWIFT_ASSET_SYMBOL_EXTENSIONS = YES;
				CLANG_ANALYZER_NONNULL = YES;
				CLANG_ANALYZER_NUMBER_OBJECT_CONVERSION = YES_AGGRESSIVE;
				CLANG_CXX_LANGUAGE_STANDARD = "gnu++20";
				CLANG_ENABLE_MODULES = YES;
				CLANG_ENABLE_OBJC_ARC = YES;
				CLANG_ENABLE_OBJC_WEAK = YES;
				CLANG_WARN_BLOCK_CAPTURE_AUTORELEASING = YES;
				CLANG_WARN_BOOL_CONVERSION = YES;
				CLANG_WARN_COMMA = YES;
				CLANG_WARN_CONSTANT_CONVERSION = YES;
				CLANG_WARN_DEPRECATED_OBJC_IMPLEMENTATIONS = YES;
				CLANG_WARN_DIRECT_OBJC_ISA_USAGE = YES_ERROR;
				CLANG_WARN_DOCUMENTATION_COMMENTS = YES;
				CLANG_WARN_EMPTY_BODY = YES;
				CLANG_WARN_ENUM_CONVERSION = YES;
				CLANG_WARN_INFINITE_RECURSION = YES;
				CLANG_WARN_INT_CONVERSION = YES;
				CLANG_WARN_NON_LITERAL_NULL_CONVERSION = YES;
				CLANG_WARN_OBJC_IMPLICIT_RETAIN_SELF = YES;
				CLANG_WARN_OBJC_LITERAL_CONVERSION = YES;
				CLANG_WARN_OBJC_ROOT_CLASS = YES_ERROR;
				CLANG_WARN_QUOTED_INCLUDE_IN_FRAMEWORK_HEADER = YES;
				CLANG_WARN_RANGE_LOOP_ANALYSIS = YES;
				CLANG_WARN_STRICT_PROTOTYPES = YES;
				CLANG_WARN_SUSPICIOUS_MOVE = YES;
				CLANG_WARN_UNGUARDED_AVAILABILITY = YES_AGGRESSIVE;
				CLANG_WARN_UNREACHABLE_CODE = YES;
				CLANG_WARN__DUPLICATE_METHOD_MATCH = YES;
				COPY_PHASE_STRIP = NO;
				DEBUG_INFORMATION_FORMAT = dwarf;
				ENABLE_STRICT_OBJC_MSGSEND = YES;
				ENABLE_TESTABILITY = YES;
				ENABLE_USER_SCRIPT_SANDBOXING = YES;
				GCC_C_LANGUAGE_STANDARD = gnu17;
				GCC_DYNAMIC_NO_PIC = NO;
				GCC_NO_COMMON_BLOCKS = YES;
				GCC_OPTIMIZATION_LEVEL = 0;
				GCC_PREPROCESSOR_DEFINITIONS = (
					"DEBUG=1",
					"$(inherited)",
				);
				GCC_WARN_64_TO_32_BIT_CONVERSION = YES;
				GCC_WARN_ABOUT_RETURN_TYPE = YES_ERROR;
				GCC_WARN_UNDECLARED_SELECTOR = YES;
				GCC_WARN_UNINITIALIZED_AUTOS = YES_AGGRESSIVE;
				GCC_WARN_UNUSED_FUNCTION = YES;
				GCC_WARN_UNUSED_VARIABLE = YES;
				IPHONEOS_DEPLOYMENT_TARGET = 17.0;
				LOCALIZATION_PREFERS_STRING_CATALOGS = YES;
				MTL_ENABLE_DEBUG_INFO = INCLUDE_SOURCE;
				MTL_FAST_MATH = YES;
				ONLY_ACTIVE_ARCH = YES;
				SDKROOT = iphoneos;
				SWIFT_ACTIVE_COMPILATION_CONDITIONS = "DEBUG $(inherited)";
				SWIFT_OPTIMIZATION_LEVEL = "-Onone";
			};
			name = Debug;
		};
		564B806F2A7E84380002DF51 /* Release */ = {
			isa = XCBuildConfiguration;
			buildSettings = {
				ALWAYS_SEARCH_USER_PATHS = NO;
				ASSETCATALOG_COMPILER_GENERATE_SWIFT_ASSET_SYMBOL_EXTENSIONS = YES;
				CLANG_ANALYZER_NONNULL = YES;
				CLANG_ANALYZER_NUMBER_OBJECT_CONVERSION = YES_AGGRESSIVE;
				CLANG_CXX_LANGUAGE_STANDARD = "gnu++20";
				CLANG_ENABLE_MODULES = YES;
				CLANG_ENABLE_OBJC_ARC = YES;
				CLANG_ENABLE_OBJC_WEAK = YES;
				CLANG_WARN_BLOCK_CAPTURE_AUTORELEASING = YES;
				CLANG_WARN_BOOL_CONVERSION = YES;
				CLANG_WARN_COMMA = YES;
				CLANG_WARN_CONSTANT_CONVERSION = YES;
				CLANG_WARN_DEPRECATED_OBJC_IMPLEMENTATIONS = YES;
				CLANG_WARN_DIRECT_OBJC_ISA_USAGE = YES_ERROR;
				CLANG_WARN_DOCUMENTATION_COMMENTS = YES;
				CLANG_WARN_EMPTY_BODY = YES;
				CLANG_WARN_ENUM_CONVERSION = YES;
				CLANG_WARN_INFINITE_RECURSION = YES;
				CLANG_WARN_INT_CONVERSION = YES;
				CLANG_WARN_NON_LITERAL_NULL_CONVERSION = YES;
				CLANG_WARN_OBJC_IMPLICIT_RETAIN_SELF = YES;
				CLANG_WARN_OBJC_LITERAL_CONVERSION = YES;
				CLANG_WARN_OBJC_ROOT_CLASS = YES_ERROR;
				CLANG_WARN_QUOTED_INCLUDE_IN_FRAMEWORK_HEADER = YES;
				CLANG_WARN_RANGE_LOOP_ANALYSIS = YES;
				CLANG_WARN_STRICT_PROTOTYPES = YES;
				CLANG_WARN_SUSPICIOUS_MOVE = YES;
				CLANG_WARN_UNGUARDED_AVAILABILITY = YES_AGGRESSIVE;
				CLANG_WARN_UNREACHABLE_CODE = YES;
				CLANG_WARN__DUPLICATE_METHOD_MATCH = YES;
				COPY_PHASE_STRIP = NO;
				DEBUG_INFORMATION_FORMAT = "dwarf-with-dsym";
				ENABLE_NS_ASSERTIONS = NO;
				ENABLE_STRICT_OBJC_MSGSEND = YES;
				ENABLE_USER_SCRIPT_SANDBOXING = YES;
				GCC_C_LANGUAGE_STANDARD = gnu17;
				GCC_NO_COMMON_BLOCKS = YES;
				GCC_WARN_64_TO_32_BIT_CONVERSION = YES;
				GCC_WARN_ABOUT_RETURN_TYPE = YES_ERROR;
				GCC_WARN_UNDECLARED_SELECTOR = YES;
				GCC_WARN_UNINITIALIZED_AUTOS = YES_AGGRESSIVE;
				GCC_WARN_UNUSED_FUNCTION = YES;
				GCC_WARN_UNUSED_VARIABLE = YES;
				IPHONEOS_DEPLOYMENT_TARGET = 17.0;
				LOCALIZATION_PREFERS_STRING_CATALOGS = YES;
				MTL_ENABLE_DEBUG_INFO = NO;
				MTL_FAST_MATH = YES;
				SDKROOT = iphoneos;
				SWIFT_COMPILATION_MODE = wholemodule;
				VALIDATE_PRODUCT = YES;
			};
			name = Release;
		};
		564B80712A7E84380002DF51 /* Debug */ = {
			isa = XCBuildConfiguration;
			buildSettings = {
				ASSETCATALOG_COMPILER_APPICON_NAME = AppIcon;
				ASSETCATALOG_COMPILER_GLOBAL_ACCENT_COLOR_NAME = AccentColor;
				CODE_SIGN_STYLE = Automatic;
				CURRENT_PROJECT_VERSION = 1;
				DEVELOPMENT_ASSET_PATHS = "\"ObservableDemo/Preview Content\"";
				ENABLE_PREVIEWS = YES;
				GENERATE_INFOPLIST_FILE = YES;
				INFOPLIST_KEY_UIApplicationSceneManifest_Generation = YES;
				INFOPLIST_KEY_UIApplicationSupportsIndirectInputEvents = YES;
				INFOPLIST_KEY_UILaunchScreen_Generation = YES;
				INFOPLIST_KEY_UISupportedInterfaceOrientations_iPad = "UIInterfaceOrientationPortrait UIInterfaceOrientationPortraitUpsideDown UIInterfaceOrientationLandscapeLeft UIInterfaceOrientationLandscapeRight";
				INFOPLIST_KEY_UISupportedInterfaceOrientations_iPhone = "UIInterfaceOrientationPortrait UIInterfaceOrientationLandscapeLeft UIInterfaceOrientationLandscapeRight";
				LD_RUNPATH_SEARCH_PATHS = (
					"$(inherited)",
					"@executable_path/Frameworks",
				);
				MARKETING_VERSION = 1.0;
				PRODUCT_BUNDLE_IDENTIFIER = com.github.groue.ObservableDemo;
				PRODUCT_NAME = "$(TARGET_NAME)";
				SWIFT_EMIT_LOC_STRINGS = YES;
				SWIFT_VERSION = 5.0;
				TARGETED_DEVICE_FAMILY = "1,2";
			};
			name = Debug;
		};
		564B80722A7E84380002DF51 /* Release */ = {
			isa = XCBuildConfiguration;
			buildSettings = {
				ASSETCATALOG_COMPILER_APPICON_NAME = AppIcon;
				ASSETCATALOG_COMPILER_GLOBAL_ACCENT_COLOR_NAME = AccentColor;
				CODE_SIGN_STYLE = Automatic;
				CURRENT_PROJECT_VERSION = 1;
				DEVELOPMENT_ASSET_PATHS = "\"ObservableDemo/Preview Content\"";
				ENABLE_PREVIEWS = YES;
				GENERATE_INFOPLIST_FILE = YES;
				INFOPLIST_KEY_UIApplicationSceneManifest_Generation = YES;
				INFOPLIST_KEY_UIApplicationSupportsIndirectInputEvents = YES;
				INFOPLIST_KEY_UILaunchScreen_Generation = YES;
				INFOPLIST_KEY_UISupportedInterfaceOrientations_iPad = "UIInterfaceOrientationPortrait UIInterfaceOrientationPortraitUpsideDown UIInterfaceOrientationLandscapeLeft UIInterfaceOrientationLandscapeRight";
				INFOPLIST_KEY_UISupportedInterfaceOrientations_iPhone = "UIInterfaceOrientationPortrait UIInterfaceOrientationLandscapeLeft UIInterfaceOrientationLandscapeRight";
				LD_RUNPATH_SEARCH_PATHS = (
					"$(inherited)",
					"@executable_path/Frameworks",
				);
				MARKETING_VERSION = 1.0;
				PRODUCT_BUNDLE_IDENTIFIER = com.github.groue.ObservableDemo;
				PRODUCT_NAME = "$(TARGET_NAME)";
				SWIFT_EMIT_LOC_STRINGS = YES;
				SWIFT_VERSION = 5.0;
				TARGETED_DEVICE_FAMILY = "1,2";
			};
			name = Release;
		};
		564B80742A7E84380002DF51 /* Debug */ = {
			isa = XCBuildConfiguration;
			buildSettings = {
				ALWAYS_EMBED_SWIFT_STANDARD_LIBRARIES = YES;
				BUNDLE_LOADER = "$(TEST_HOST)";
				CODE_SIGN_STYLE = Automatic;
				CURRENT_PROJECT_VERSION = 1;
				GENERATE_INFOPLIST_FILE = YES;
				IPHONEOS_DEPLOYMENT_TARGET = 17.0;
				MARKETING_VERSION = 1.0;
				PRODUCT_BUNDLE_IDENTIFIER = com.github.groue.ObservableDemoTests;
				PRODUCT_NAME = "$(TARGET_NAME)";
				SWIFT_EMIT_LOC_STRINGS = NO;
				SWIFT_VERSION = 5.0;
				TARGETED_DEVICE_FAMILY = "1,2";
				TEST_HOST = "$(BUILT_PRODUCTS_DIR)/ObservableDemo.app/$(BUNDLE_EXECUTABLE_FOLDER_PATH)/ObservableDemo";
			};
			name = Debug;
		};
		564B80752A7E84380002DF51 /* Release */ = {
			isa = XCBuildConfiguration;
			buildSettings = {
				ALWAYS_EMBED_SWIFT_STANDARD_LIBRARIES = YES;
				BUNDLE_LOADER = "$(TEST_HOST)";
				CODE_SIGN_STYLE = Automatic;
				CURRENT_PROJECT_VERSION = 1;
				GENERATE_INFOPLIST_FILE = YES;
				IPHONEOS_DEPLOYMENT_TARGET = 17.0;
				MARKETING_VERSION = 1.0;
				PRODUCT_BUNDLE_IDENTIFIER = com.github.groue.ObservableDemoTests;
				PRODUCT_NAME = "$(TARGET_NAME)";
				SWIFT_EMIT_LOC_STRINGS = NO;
				SWIFT_VERSION = 5.0;
				TARGETED_DEVICE_FAMILY = "1,2";
				TEST_HOST = "$(BUILT_PRODUCTS_DIR)/ObservableDemo.app/$(BUNDLE_EXECUTABLE_FOLDER_PATH)/ObservableDemo";
			};
			name = Release;
		};
		564B80772A7E84380002DF51 /* Debug */ = {
			isa = XCBuildConfiguration;
			buildSettings = {
				ALWAYS_EMBED_SWIFT_STANDARD_LIBRARIES = YES;
				CODE_SIGN_STYLE = Automatic;
				CURRENT_PROJECT_VERSION = 1;
				GENERATE_INFOPLIST_FILE = YES;
				MARKETING_VERSION = 1.0;
				PRODUCT_BUNDLE_IDENTIFIER = com.github.groue.ObservableDemoUITests;
				PRODUCT_NAME = "$(TARGET_NAME)";
				SWIFT_EMIT_LOC_STRINGS = NO;
				SWIFT_VERSION = 5.0;
				TARGETED_DEVICE_FAMILY = "1,2";
				TEST_TARGET_NAME = ObservableDemo;
			};
			name = Debug;
		};
		564B80782A7E84380002DF51 /* Release */ = {
			isa = XCBuildConfiguration;
			buildSettings = {
				ALWAYS_EMBED_SWIFT_STANDARD_LIBRARIES = YES;
				CODE_SIGN_STYLE = Automatic;
				CURRENT_PROJECT_VERSION = 1;
				GENERATE_INFOPLIST_FILE = YES;
				MARKETING_VERSION = 1.0;
				PRODUCT_BUNDLE_IDENTIFIER = com.github.groue.ObservableDemoUITests;
				PRODUCT_NAME = "$(TARGET_NAME)";
				SWIFT_EMIT_LOC_STRINGS = NO;
				SWIFT_VERSION = 5.0;
				TARGETED_DEVICE_FAMILY = "1,2";
				TEST_TARGET_NAME = ObservableDemo;
			};
			name = Release;
		};
/* End XCBuildConfiguration section */

/* Begin XCConfigurationList section */
		564B80472A7E84360002DF51 /* Build configuration list for PBXProject "ObservableDemo" */ = {
			isa = XCConfigurationList;
			buildConfigurations = (
				564B806E2A7E84380002DF51 /* Debug */,
				564B806F2A7E84380002DF51 /* Release */,
			);
			defaultConfigurationIsVisible = 0;
			defaultConfigurationName = Release;
		};
		564B80702A7E84380002DF51 /* Build configuration list for PBXNativeTarget "ObservableDemo" */ = {
			isa = XCConfigurationList;
			buildConfigurations = (
				564B80712A7E84380002DF51 /* Debug */,
				564B80722A7E84380002DF51 /* Release */,
			);
			defaultConfigurationIsVisible = 0;
			defaultConfigurationName = Release;
		};
		564B80732A7E84380002DF51 /* Build configuration list for PBXNativeTarget "ObservableDemoTests" */ = {
			isa = XCConfigurationList;
			buildConfigurations = (
				564B80742A7E84380002DF51 /* Debug */,
				564B80752A7E84380002DF51 /* Release */,
			);
			defaultConfigurationIsVisible = 0;
			defaultConfigurationName = Release;
		};
		564B80762A7E84380002DF51 /* Build configuration list for PBXNativeTarget "ObservableDemoUITests" */ = {
			isa = XCConfigurationList;
			buildConfigurations = (
				564B80772A7E84380002DF51 /* Debug */,
				564B80782A7E84380002DF51 /* Release */,
			);
			defaultConfigurationIsVisible = 0;
			defaultConfigurationName = Release;
		};
/* End XCConfigurationList section */

/* Begin XCRemoteSwiftPackageReference section */
		564B80792A7E84780002DF51 /* XCRemoteSwiftPackageReference "GRDB.swift" */ = {
			isa = XCRemoteSwiftPackageReference;
			repositoryURL = "https://github.com/groue/GRDB.swift.git";
			requirement = {
				kind = upToNextMajorVersion;
				minimumVersion = 6.16.0;
			};
		};
/* End XCRemoteSwiftPackageReference section */

/* Begin XCSwiftPackageProductDependency section */
		564B807A2A7E84780002DF51 /* GRDB */ = {
			isa = XCSwiftPackageProductDependency;
			package = 564B80792A7E84780002DF51 /* XCRemoteSwiftPackageReference "GRDB.swift" */;
			productName = GRDB;
		};
		564B80802A7E84F80002DF51 /* GRDBQuery */ = {
			isa = XCSwiftPackageProductDependency;
			productName = GRDBQuery;
		};
		564B80822A7E84F80002DF51 /* Players */ = {
			isa = XCSwiftPackageProductDependency;
			productName = Players;
		};
/* End XCSwiftPackageProductDependency section */
	};
	rootObject = 564B80442A7E84360002DF51 /* Project object */;
}
